PODS:
  - FMModuleB (0.0.1):
    - FMModuleBase
    - FMModuleCenter
  - FMModuleBase (0.0.1)
  - FMModuleCenter (0.0.1)

DEPENDENCIES:
  - FMModuleB (from `../`)
  - FMModuleBase (from `../../FMModuleBase`)
  - FMModuleCenter (from `../../FMModuleCenter`)

EXTERNAL SOURCES:
  FMModuleB:
    :path: "../"
  FMModuleBase:
    :path: "../../FMModuleBase"
  FMModuleCenter:
    :path: "../../FMModuleCenter"

SPEC CHECKSUMS:
  FMModuleB: 4855ad96bf8a5055cd72c306db020580dffd28e5
  FMModuleBase: 4bf95ab05c43373adb5ab3a7f21bff325f85cc83
  FMModuleCenter: 8dee97584eb5ec95a9d79a38d62d19f8f324d45f

PODFILE CHECKSUM: 4f72ec4a4a443205dfc9a6e21e6d80233a356636

COCOAPODS: 1.16.2
